
Microsoft Visual Studio Solution File, Format Version 12.00
# Visual Studio Version 17
VisualStudioVersion = 17.14.36603.0 d17.14
MinimumVisualStudioVersion = 10.0.40219.1
Project("{FAE04EC0-301F-11D3-BF4B-00C04F79EFBC}") = "Alcohol Label", "Alcohol Label\Alcohol Label.csproj", "{B309BBA6-416F-472F-A30B-46DAD562A7F6}"
EndProject
Global
	GlobalSection(SolutionConfigurationPlatforms) = preSolution
		Debug|Any CPU = Debug|Any CPU
		Release|Any CPU = Release|Any CPU
	EndGlobalSection
	GlobalSection(ProjectConfigurationPlatforms) = postSolution
		{B309BBA6-416F-472F-A30B-46DAD562A7F6}.Debug|Any CPU.ActiveCfg = Debug|Any CPU
		{B309BBA6-416F-472F-A30B-46DAD562A7F6}.Debug|Any CPU.Build.0 = Debug|Any CPU
		{B309BBA6-416F-472F-A30B-46DAD562A7F6}.Release|Any CPU.ActiveCfg = Release|Any CPU
		{B309BBA6-416F-472F-A30B-46DAD562A7F6}.Release|Any CPU.Build.0 = Release|Any CPU
	EndGlobalSection
	GlobalSection(SolutionProperties) = preSolution
		HideSolutionNode = FALSE
	EndGlobalSection
	GlobalSection(ExtensibilityGlobals) = postSolution
		SolutionGuid = {584BB582-F7E5-4851-98A2-029A955FFFC8}
	EndGlobalSection
EndGlobal
